
Microsoft Visual Studio Solution File, Format Version 12.00
# Visual Studio Version 16
VisualStudioVersion = 25.0.1700.0
MinimumVisualStudioVersion = 10.0.40219.1
Project("{FAE04EC0-301F-11D3-BF4B-00C04F79EFBC}") = "Dev10x.BasicTaxonomy", "Dev10x.BasicTaxonomy.csproj", "{C916DADC-22CC-4729-82F8-2375A3F0FC4D}"
EndProject
Global
	GlobalSection(SolutionConfigurationPlatforms) = preSolution
		Debug|Any CPU = Debug|Any CPU
		Release|Any CPU = Release|Any CPU
	EndGlobalSection
	GlobalSection(ProjectConfigurationPlatforms) = postSolution
		{C916DADC-22CC-4729-82F8-2375A3F0FC4D}.Debug|Any CPU.ActiveCfg = Debug|Any CPU
		{C916DADC-22CC-4729-82F8-2375A3F0FC4D}.Debug|Any CPU.Build.0 = Debug|Any CPU
		{C916DADC-22CC-4729-82F8-2375A3F0FC4D}.Release|Any CPU.ActiveCfg = Release|Any CPU
		{C916DADC-22CC-4729-82F8-2375A3F0FC4D}.Release|Any CPU.Build.0 = Release|Any CPU
	EndGlobalSection
	GlobalSection(SolutionProperties) = preSolution
		HideSolutionNode = FALSE
	EndGlobalSection
	GlobalSection(ExtensibilityGlobals) = postSolution
		SolutionGuid = {F4FB3C59-31D8-4A19-BD8A-F17924120B86}
	EndGlobalSection
EndGlobal
